
Microsoft Visual Studio Solution File, Format Version 12.00
# Visual Studio Version 17
VisualStudioVersion = 17.7.34031.279
MinimumVisualStudioVersion = 10.0.40219.1
Project("{FAE04EC0-301F-11D3-BF4B-00C04F79EFBC}") = "Prog_122_L8_RTB_Lists", "Prog_122_L8_RTB_Lists.csproj", "{6EF53B68-DAAE-4873-8712-3FBF77FAF879}"
EndProject
Global
	GlobalSection(SolutionConfigurationPlatforms) = preSolution
		Debug|Any CPU = Debug|Any CPU
		Release|Any CPU = Release|Any CPU
	EndGlobalSection
	GlobalSection(ProjectConfigurationPlatforms) = postSolution
		{6EF53B68-DAAE-4873-8712-3FBF77FAF879}.Debug|Any CPU.ActiveCfg = Debug|Any CPU
		{6EF53B68-DAAE-4873-8712-3FBF77FAF879}.Debug|Any CPU.Build.0 = Debug|Any CPU
		{6EF53B68-DAAE-4873-8712-3FBF77FAF879}.Release|Any CPU.ActiveCfg = Release|Any CPU
		{6EF53B68-DAAE-4873-8712-3FBF77FAF879}.Release|Any CPU.Build.0 = Release|Any CPU
	EndGlobalSection
	GlobalSection(SolutionProperties) = preSolution
		HideSolutionNode = FALSE
	EndGlobalSection
	GlobalSection(ExtensibilityGlobals) = postSolution
		SolutionGuid = {915A02B4-8E2B-49F8-BA23-333D9863F010}
	EndGlobalSection
EndGlobal
